
Microsoft Visual Studio Solution File, Format Version 12.00
# Visual Studio 14
VisualStudioVersion = 14.0.23107.0
MinimumVisualStudioVersion = 10.0.40219.1
Project("{FAE04EC0-301F-11D3-BF4B-00C04F79EFBC}") = "StoreInventory", "StoreInventory\StoreInventory.csproj", "{3F6B77BE-E51B-47D0-94F4-CF780C454E14}"
EndProject
Project("{FAE04EC0-301F-11D3-BF4B-00C04F79EFBC}") = "Common", "Common\Common.csproj", "{88A9F4EA-EDC3-4BDB-A37C-1E61C20CE8AD}"
EndProject
Project("{FAE04EC0-301F-11D3-BF4B-00C04F79EFBC}") = "BussinessLayer", "BussinessLayer\BussinessLayer.csproj", "{4AFC7569-530C-4F6A-AD21-C706AD6DE86B}"
EndProject
Project("{FAE04EC0-301F-11D3-BF4B-00C04F79EFBC}") = "DataAccessLayer", "DataAccessLayer\DataAccessLayer.csproj", "{C3C7AC20-ACB3-4883-8D31-1D59BF8B998A}"
EndProject
Global
	GlobalSection(SolutionConfigurationPlatforms) = preSolution
		Debug|Any CPU = Debug|Any CPU
		Release|Any CPU = Release|Any CPU
	EndGlobalSection
	GlobalSection(ProjectConfigurationPlatforms) = postSolution
		{3F6B77BE-E51B-47D0-94F4-CF780C454E14}.Debug|Any CPU.ActiveCfg = Debug|Any CPU
		{3F6B77BE-E51B-47D0-94F4-CF780C454E14}.Debug|Any CPU.Build.0 = Debug|Any CPU
		{3F6B77BE-E51B-47D0-94F4-CF780C454E14}.Release|Any CPU.ActiveCfg = Release|Any CPU
		{3F6B77BE-E51B-47D0-94F4-CF780C454E14}.Release|Any CPU.Build.0 = Release|Any CPU
		{88A9F4EA-EDC3-4BDB-A37C-1E61C20CE8AD}.Debug|Any CPU.ActiveCfg = Debug|Any CPU
		{88A9F4EA-EDC3-4BDB-A37C-1E61C20CE8AD}.Debug|Any CPU.Build.0 = Debug|Any CPU
		{88A9F4EA-EDC3-4BDB-A37C-1E61C20CE8AD}.Release|Any CPU.ActiveCfg = Release|Any CPU
		{88A9F4EA-EDC3-4BDB-A37C-1E61C20CE8AD}.Release|Any CPU.Build.0 = Release|Any CPU
		{4AFC7569-530C-4F6A-AD21-C706AD6DE86B}.Debug|Any CPU.ActiveCfg = Debug|Any CPU
		{4AFC7569-530C-4F6A-AD21-C706AD6DE86B}.Debug|Any CPU.Build.0 = Debug|Any CPU
		{4AFC7569-530C-4F6A-AD21-C706AD6DE86B}.Release|Any CPU.ActiveCfg = Release|Any CPU
		{4AFC7569-530C-4F6A-AD21-C706AD6DE86B}.Release|Any CPU.Build.0 = Release|Any CPU
		{C3C7AC20-ACB3-4883-8D31-1D59BF8B998A}.Debug|Any CPU.ActiveCfg = Debug|Any CPU
		{C3C7AC20-ACB3-4883-8D31-1D59BF8B998A}.Debug|Any CPU.Build.0 = Debug|Any CPU
		{C3C7AC20-ACB3-4883-8D31-1D59BF8B998A}.Release|Any CPU.ActiveCfg = Release|Any CPU
		{C3C7AC20-ACB3-4883-8D31-1D59BF8B998A}.Release|Any CPU.Build.0 = Release|Any CPU
	EndGlobalSection
	GlobalSection(SolutionProperties) = preSolution
		HideSolutionNode = FALSE
	EndGlobalSection
EndGlobal
